{
    "_readme": [
        "This file locks the dependencies of your project to a known state",
        "Read more about it at https://getcomposer.org/doc/01-basic-usage.md#installing-dependencies",
        "This file is @generated automatically"
    ],
    "content-hash": "302bdd3577116571028569ac8a53a3bc",
    "packages": [],
    "packages-dev": [
        {
            "name": "squizlabs/php_codesniffer",
            "version": "dev-wordwrap",
            "source": {
                "type": "git",
                "url": "https://github.com/MatmaRex/PHP_CodeSniffer_.git",
                "reference": "b44b30fa4aaed95dba2fcf75f0adb80a6f92f65e"
            },
            "dist": {
                "type": "zip",
                "url": "https://api.github.com/repos/MatmaRex/PHP_CodeSniffer_/zipball/b44b30fa4aaed95dba2fcf75f0adb80a6f92f65e",
                "reference": "b44b30fa4aaed95dba2fcf75f0adb80a6f92f65e",
                "shasum": ""
            },
            "require": {
                "ext-simplexml": "*",
                "ext-tokenizer": "*",
                "ext-xmlwriter": "*",
                "php": ">=5.4.0"
            },
            "require-dev": {
                "phpunit/phpunit": "^4.0 || ^5.0 || ^6.0 || ^7.0 || ^8.0 || ^9.3.4"
            },
            "bin": [
                "bin/phpcbf",
                "bin/phpcs"
            ],
            "type": "library",
            "extra": {
                "branch-alias": {
                    "dev-master": "3.x-dev"
                }
            },
            "scripts": {
                "cs": [
                    "@php ./bin/phpcs"
                ],
                "cbf": [
                    "@php ./bin/phpcbf"
                ],
                "test": [
                    "Composer\\Config::disableProcessTimeout",
                    "@php ./vendor/phpunit/phpunit/phpunit tests/AllTests.php --no-coverage"
                ],
                "coverage": [
                    "Composer\\Config::disableProcessTimeout",
                    "@php ./vendor/phpunit/phpunit/phpunit tests/AllTests.php -d max_execution_time=0"
                ],
                "coverage-local": [
                    "Composer\\Config::disableProcessTimeout",
                    "@php ./vendor/phpunit/phpunit/phpunit tests/AllTests.php --coverage-html ./build/coverage-html -d max_execution_time=0"
                ],
                "build": [
                    "Composer\\Config::disableProcessTimeout",
                    "@php -d phar.readonly=0 -f ./scripts/build-phar.php"
                ],
                "check-all": [
                    "@cs",
                    "@test"
                ]
            },
            "license": [
                "BSD-3-Clause"
            ],
            "authors": [
                {
                    "name": "Greg Sherwood",
                    "role": "Former lead"
                },
                {
                    "name": "Juliette Reinders Folmer",
                    "role": "Current lead"
                },
                {
                    "name": "Contributors",
                    "homepage": "https://github.com/PHPCSStandards/PHP_CodeSniffer/graphs/contributors"
                }
            ],
            "description": "PHP_CodeSniffer tokenizes PHP, JavaScript and CSS files and detects violations of a defined set of coding standards.",
            "homepage": "https://github.com/PHPCSStandards/PHP_CodeSniffer",
            "keywords": [
                "phpcs",
                "standards",
                "static analysis"
            ],
            "support": {
                "issues": "https://github.com/PHPCSStandards/PHP_CodeSniffer/issues",
                "wiki": "https://github.com/PHPCSStandards/PHP_CodeSniffer/wiki",
                "source": "https://github.com/PHPCSStandards/PHP_CodeSniffer",
                "security": "https://github.com/PHPCSStandards/PHP_CodeSniffer/security/policy"
            },
            "time": "2024-10-30T16:13:26+00:00"
        }
    ],
    "aliases": [],
    "minimum-stability": "stable",
    "stability-flags": {
        "squizlabs/php_codesniffer": 20
    },
    "prefer-stable": false,
    "prefer-lowest": false,
    "platform": [],
    "platform-dev": [],
    "plugin-api-version": "2.6.0"
}
